version = 1
revision = 3
requires-python = ">=3.12"

[[package]]
name = "asgiref"
version = "3.11.0"
source = { registry = "https://pypi.org/simple" }
sdist = { url = "https://files.pythonhosted.org/packages/76/b9/4db2509eabd14b4a8c71d1b24c8d5734c52b8560a7b1e1a8b56c8d25568b/asgiref-3.11.0.tar.gz", hash = "sha256:13acff32519542a1736223fb79a715acdebe24286d98e8b164a73085f40da2c4", size = 37969, upload-time = "2025-11-19T15:32:20.106Z" }
wheels = [
    { url = "https://files.pythonhosted.org/packages/91/be/317c2c55b8bbec407257d45f5c8d1b6867abc76d12043f2d3d58c538a4ea/asgiref-3.11.0-py3-none-any.whl", hash = "sha256:1db9021efadb0d9512ce8ffaf72fcef601c7b73a8807a1bb2ef143dc6b14846d", size = 24096, upload-time = "2025-11-19T15:32:19.004Z" },
]

[[package]]
name = "dj-database-url"
version = "3.0.1"
source = { registry = "https://pypi.org/simple" }
dependencies = [
    { name = "django" },
]
sdist = { url = "https://files.pythonhosted.org/packages/75/05/2ec51009f4ce424877dbd8ad95868faec0c3494ed0ff1635f9ab53d9e0ee/dj_database_url-3.0.1.tar.gz", hash = "sha256:8994961efb888fc6bf8c41550870c91f6f7691ca751888ebaa71442b7f84eff8", size = 12556, upload-time = "2025-07-02T09:40:11.424Z" }
wheels = [
    { url = "https://files.pythonhosted.org/packages/aa/5e/86a43c6fdaa41c12d58e4ff3ebbfd6b71a7cb0360a08614e3754ef2e9afb/dj_database_url-3.0.1-py3-none-any.whl", hash = "sha256:43950018e1eeea486bf11136384aec0fe55b29fe6fd8a44553231b85661d9383", size = 8808, upload-time = "2025-07-02T09:40:26.326Z" },
]

[[package]]
name = "django"
version = "5.2.8"
source = { registry = "https://pypi.org/simple" }
dependencies = [
    { name = "asgiref" },
    { name = "sqlparse" },
    { name = "tzdata", marker = "sys_platform == 'win32'" },
]
sdist = { url = "https://files.pythonhosted.org/packages/05/a2/933dbbb3dd9990494960f6e64aca2af4c0745b63b7113f59a822df92329e/django-5.2.8.tar.gz", hash = "sha256:23254866a5bb9a2cfa6004e8b809ec6246eba4b58a7589bc2772f1bcc8456c7f", size = 10849032, upload-time = "2025-11-05T14:07:32.778Z" }
wheels = [
    { url = "https://files.pythonhosted.org/packages/5e/3d/a035a4ee9b1d4d4beee2ae6e8e12fe6dee5514b21f62504e22efcbd9fb46/django-5.2.8-py3-none-any.whl", hash = "sha256:37e687f7bd73ddf043e2b6b97cfe02fcbb11f2dbb3adccc6a2b18c6daa054d7f", size = 8289692, upload-time = "2025-11-05T14:07:28.761Z" },
]

[[package]]
name = "django-bootstrap5"
version = "25.3"
source = { registry = "https://pypi.org/simple" }
dependencies = [
    { name = "django" },
]
sdist = { url = "https://files.pythonhosted.org/packages/60/73/764367acc94f22b68f1ff8d39be511afa0315fd83299abdd6542bdeffdb4/django_bootstrap5-25.3.tar.gz", hash = "sha256:cc36f1a19d3200c0f5628c703320edb5c4e39e19bf17607fadf58ddb11828912", size = 49738, upload-time = "2025-11-14T13:00:13.316Z" }
wheels = [
    { url = "https://files.pythonhosted.org/packages/56/0d/ae17205ff3f9e04deb364b037c506ff94166c23b0a7424208d39174c84f9/django_bootstrap5-25.3-py3-none-any.whl", hash = "sha256:3d381a5329a1439ac3237456c28cc8170c62b4c56ad3564d57876ffc3d4c5e78", size = 26772, upload-time = "2025-11-14T13:00:11.709Z" },
]

[[package]]
name = "django-filter"
version = "25.2"
source = { registry = "https://pypi.org/simple" }
dependencies = [
    { name = "django" },
]
sdist = { url = "https://files.pythonhosted.org/packages/2c/e4/465d2699cd388c0005fb8d6ae6709f239917c6d8790ac35719676fffdcf3/django_filter-25.2.tar.gz", hash = "sha256:760e984a931f4468d096f5541787efb8998c61217b73006163bf2f9523fe8f23", size = 143818, upload-time = "2025-10-05T09:51:31.521Z" }
wheels = [
    { url = "https://files.pythonhosted.org/packages/c1/40/6a02495c5658beb1f31eb09952d8aa12ef3c2a66342331ce3a35f7132439/django_filter-25.2-py3-none-any.whl", hash = "sha256:9c0f8609057309bba611062fe1b720b4a873652541192d232dd28970383633e3", size = 94145, upload-time = "2025-10-05T09:51:29.728Z" },
]

[[package]]
name = "gunicorn"
version = "23.0.0"
source = { registry = "https://pypi.org/simple" }
dependencies = [
    { name = "packaging" },
]
sdist = { url = "https://files.pythonhosted.org/packages/34/72/9614c465dc206155d93eff0ca20d42e1e35afc533971379482de953521a4/gunicorn-23.0.0.tar.gz", hash = "sha256:f014447a0101dc57e294f6c18ca6b40227a4c90e9bdb586042628030cba004ec", size = 375031, upload-time = "2024-08-10T20:25:27.378Z" }
wheels = [
    { url = "https://files.pythonhosted.org/packages/cb/7d/6dac2a6e1eba33ee43f318edbed4ff29151a49b5d37f080aad1e6469bca4/gunicorn-23.0.0-py3-none-any.whl", hash = "sha256:ec400d38950de4dfd418cff8328b2c8faed0edb0d517d3394e457c317908ca4d", size = 85029, upload-time = "2024-08-10T20:25:24.996Z" },
]

[[package]]
name = "hexlet-code"
version = "0.1.0"
source = { virtual = "." }
dependencies = [
    { name = "dj-database-url" },
    { name = "django" },
    { name = "django-bootstrap5" },
    { name = "django-filter" },
    { name = "gunicorn" },
    { name = "psycopg", extra = ["binary"] },
    { name = "python-dotenv" },
    { name = "whitenoise" },
]

[package.metadata]
requires-dist = [
    { name = "dj-database-url", specifier = ">=3.0.1" },
    { name = "django", specifier = ">=5.2.8" },
    { name = "django-bootstrap5", specifier = ">=25.3" },
    { name = "django-filter", specifier = ">=25.2" },
    { name = "gunicorn", specifier = ">=23.0.0" },
    { name = "psycopg", extras = ["binary"], specifier = ">=3.2.13" },
    { name = "python-dotenv", specifier = ">=1.2.1" },
    { name = "whitenoise", specifier = ">=6.11.0" },
]

[[package]]
name = "packaging"
version = "25.0"
source = { registry = "https://pypi.org/simple" }
sdist = { url = "https://files.pythonhosted.org/packages/a1/d4/1fc4078c65507b51b96ca8f8c3ba19e6a61c8253c72794544580a7b6c24d/packaging-25.0.tar.gz", hash = "sha256:d443872c98d677bf60f6a1f2f8c1cb748e8fe762d2bf9d3148b5599295b0fc4f", size = 165727, upload-time = "2025-04-19T11:48:59.673Z" }
wheels = [
    { url = "https://files.pythonhosted.org/packages/20/12/38679034af332785aac8774540895e234f4d07f7545804097de4b666afd8/packaging-25.0-py3-none-any.whl", hash = "sha256:29572ef2b1f17581046b3a2227d5c611fb25ec70ca1ba8554b24b0e69331a484", size = 66469, upload-time = "2025-04-19T11:48:57.875Z" },
]

[[package]]
name = "psycopg"
version = "3.2.13"
source = { registry = "https://pypi.org/simple" }
dependencies = [
    { name = "typing-extensions", marker = "python_full_version < '3.13'" },
    { name = "tzdata", marker = "sys_platform == 'win32'" },
]
sdist = { url = "https://files.pythonhosted.org/packages/44/05/d4a05988f15fcf90e0088c735b1f2fc04a30b7fc65461d6ec278f5f2f17a/psycopg-3.2.13.tar.gz", hash = "sha256:309adaeda61d44556046ec9a83a93f42bbe5310120b1995f3af49ab6d9f13c1d", size = 160626, upload-time = "2025-11-21T22:34:32.328Z" }
wheels = [
    { url = "https://files.pythonhosted.org/packages/a9/14/f2724bd1986158a348316e86fdd0837a838b14a711df3f00e47fba597447/psycopg-3.2.13-py3-none-any.whl", hash = "sha256:a481374514f2da627157f767a9336705ebefe93ea7a0522a6cbacba165da179a", size = 206797, upload-time = "2025-11-21T22:29:39.733Z" },
]

[package.optional-dependencies]
binary = [
    { name = "psycopg-binary", marker = "implementation_name != 'pypy'" },
]

[[package]]
name = "psycopg-binary"
version = "3.2.13"
source = { registry = "https://pypi.org/simple" }
wheels = [
    { url = "https://files.pythonhosted.org/packages/49/9e/f90243b3d0d007a89989b013b0eb3e78ac929fed4eb40a2b317452abafe1/psycopg_binary-3.2.13-cp312-cp312-macosx_10_13_x86_64.whl", hash = "sha256:223fc610a80bbc4355ad3c9952d468a18bb5cd7065846a8c275f100d80cd4004", size = 3996285, upload-time = "2025-11-21T22:31:08.95Z" },
    { url = "https://files.pythonhosted.org/packages/12/42/7d55f515ee3e2ced5ff9bc493fb2308f5187686b6d9583cd6a9c880d2053/psycopg_binary-3.2.13-cp312-cp312-macosx_11_0_arm64.whl", hash = "sha256:b67f06a68d68b4621b6a411f9e583df876977afa06b1ba270b1b347d40aa93fc", size = 4070567, upload-time = "2025-11-21T22:31:12.31Z" },
    { url = "https://files.pythonhosted.org/packages/a8/a8/ead4de04d8cf5f35119a75a8dd92fa4a2ec8a309b1aa58855f64616c03d7/psycopg_binary-3.2.13-cp312-cp312-manylinux2014_aarch64.manylinux_2_17_aarch64.whl", hash = "sha256:082579f2ae41bdabe20c82810810f3e290ac2206cccf0cb41cf36b3218f53b3c", size = 4616833, upload-time = "2025-11-21T22:31:16.614Z" },
    { url = "https://files.pythonhosted.org/packages/26/2e/4af6ab69ade7d67d31296f88c79c322a3522564e30b3f1458f19e74d67c3/psycopg_binary-3.2.13-cp312-cp312-manylinux2014_ppc64le.manylinux_2_17_ppc64le.whl", hash = "sha256:ff7df7bd8ec2c805f3a4896b8ade971139af0f9f8cf45d05014ac71fe54887be", size = 4711710, upload-time = "2025-11-21T22:31:22.007Z" },
    { url = "https://files.pythonhosted.org/packages/9a/31/bdbd6b2264bb7ae5fe8b775c5524da73329d8888c6137fd8b050ff9cabbc/psycopg_binary-3.2.13-cp312-cp312-manylinux2014_x86_64.manylinux_2_17_x86_64.whl", hash = "sha256:8f1189dc78553ef4b2e55d9e116fc74870191bc6a9a5f4442412a703c4cc6c3b", size = 4401656, upload-time = "2025-11-21T22:31:26.842Z" },
    { url = "https://files.pythonhosted.org/packages/33/c5/8fd8f96450e4ef242022c9a588305e3dc7309c34bc392a9b4c2da60854b1/psycopg_binary-3.2.13-cp312-cp312-musllinux_1_2_aarch64.whl", hash = "sha256:0ef8ed4a4e0f7bf5e941782478a43c14b2b585b031e2266dd3afb87be2775d95", size = 3851747, upload-time = "2025-11-21T22:31:30.5Z" },
    { url = "https://files.pythonhosted.org/packages/4a/47/406d102ae49d253f124644530f1e5b3fd2f92aea59d4f9b8dd1c71cf8e0f/psycopg_binary-3.2.13-cp312-cp312-musllinux_1_2_ppc64le.whl", hash = "sha256:de06fc9707a49f7c081b5c950974dd6de3dc33d681f7524f0b396471f5a4a480", size = 3524796, upload-time = "2025-11-21T22:31:34.377Z" },
    { url = "https://files.pythonhosted.org/packages/45/6f/a89be8aee27a5522e97dbcb225fe429c489acdf0bb25fc0fadb329dfb39f/psycopg_binary-3.2.13-cp312-cp312-musllinux_1_2_x86_64.whl", hash = "sha256:917ad1cd6e6ef8a9df2f28d7b29c7148f089be46ac56fe838f986c0227652d14", size = 3576536, upload-time = "2025-11-21T22:31:38.06Z" },
    { url = "https://files.pythonhosted.org/packages/ef/f8/c924c7dc792c81bf6181d7d4eeb613c8b2151b3a208f95cedec3c1a25ba3/psycopg_binary-3.2.13-cp312-cp312-win_amd64.whl", hash = "sha256:b53b0d9499805b307017070492189e349256e0946f62c815e442baa01f2ea6c5", size = 2902172, upload-time = "2025-11-21T22:31:41.256Z" },
    { url = "https://files.pythonhosted.org/packages/28/ec/ef37bb44dc02fcc6c0a3eeb93f4baaac13bcb228633fe38ad3fb5a3f6449/psycopg_binary-3.2.13-cp313-cp313-macosx_10_13_x86_64.whl", hash = "sha256:dbae6ab1966e2b61d97e47220556c330c4608bb4cfb3a124aa0595c39995c068", size = 3995628, upload-time = "2025-11-21T22:31:45.921Z" },
    { url = "https://files.pythonhosted.org/packages/6d/ad/4748f5f1a40248af16dba087dbec50bd335ee025cc1fb9bf64773378ceff/psycopg_binary-3.2.13-cp313-cp313-macosx_11_0_arm64.whl", hash = "sha256:fae933e4564386199fc54845d85413eedb49760e0bcd2b621fde2dd1825b99b3", size = 4069024, upload-time = "2025-11-21T22:31:50.202Z" },
    { url = "https://files.pythonhosted.org/packages/cf/c2/f02ec6bbc30c7fcd3b39823d2d624b42fae480edeb6e50eb3276281d5635/psycopg_binary-3.2.13-cp313-cp313-manylinux2014_aarch64.manylinux_2_17_aarch64.whl", hash = "sha256:13e2f8894d410678529ff9f1211f96c5a93ff142f992b302682b42d924428b61", size = 4615127, upload-time = "2025-11-21T22:31:56.517Z" },
    { url = "https://files.pythonhosted.org/packages/f0/0d/a54fc2cdd672c84175d6869cc823d6ec2a8909318d491f3c24e6077983f2/psycopg_binary-3.2.13-cp313-cp313-manylinux2014_ppc64le.manylinux_2_17_ppc64le.whl", hash = "sha256:f26f7009375cf1e92180e5c517c52da1054f7e690dde90e0ed00fa8b5736bcd4", size = 4710267, upload-time = "2025-11-21T22:32:04.585Z" },
    { url = "https://files.pythonhosted.org/packages/9d/b7/067de1acaf3d312253351f3af4121f972584bd36cada6378d4b0cdcebd38/psycopg_binary-3.2.13-cp313-cp313-manylinux2014_x86_64.manylinux_2_17_x86_64.whl", hash = "sha256:ea2fdbcc9142933a47c66970e0df8b363e3bd1ea4c5ce376f2f3d94a9aeec847", size = 4400795, upload-time = "2025-11-21T22:32:08.883Z" },
    { url = "https://files.pythonhosted.org/packages/64/b5/030e6b1ebfc4d3a8fca03adc5fc827982643bad0b01a1268538d17c08ed3/psycopg_binary-3.2.13-cp313-cp313-musllinux_1_2_aarch64.whl", hash = "sha256:ac92d6bc1d4a41c7459953a9aa727b9966e937e94c9e072527317fd2a67d488b", size = 3851239, upload-time = "2025-11-21T22:32:12.333Z" },
    { url = "https://files.pythonhosted.org/packages/79/6f/0541845364a7de9eae6807060da6a04b22a8eb2e803606d285d9250fbe93/psycopg_binary-3.2.13-cp313-cp313-musllinux_1_2_ppc64le.whl", hash = "sha256:8b843c00478739e95c46d6d3472b13123b634685f107831a9bfc41503a06ecbd", size = 3525084, upload-time = "2025-11-21T22:32:15.946Z" },
    { url = "https://files.pythonhosted.org/packages/83/ae/6507890dc30a4bbd9d938d4ff3a4079d009a5ad8170af51c7f762438fdbf/psycopg_binary-3.2.13-cp313-cp313-musllinux_1_2_x86_64.whl", hash = "sha256:2f63868cc96bc18486cebec24445affbdd7f7debf28fac466ea935a8b5a4753b", size = 3576787, upload-time = "2025-11-21T22:32:19.922Z" },
    { url = "https://files.pythonhosted.org/packages/9d/64/3d1c2f1fd09b60cdfbe68b9a810b357ba505eff6e4bdb1a2d9f6729da64c/psycopg_binary-3.2.13-cp313-cp313-win_amd64.whl", hash = "sha256:594dfbca3326e997ae738d3d339004e8416b1f7390f52ce8dc2d692393e8fa96", size = 2905584, upload-time = "2025-11-21T22:32:23.399Z" },
    { url = "https://files.pythonhosted.org/packages/d3/b4/7656b3d67bedff2b900c8c4671cb6eb5fb99c2fc36da33579cac89779c25/psycopg_binary-3.2.13-cp314-cp314-macosx_10_13_x86_64.whl", hash = "sha256:502a778c3e07c6b3aabfa56ee230e8c264d2debfab42d11535513a01bdfff0d6", size = 3997201, upload-time = "2025-11-21T22:32:28.185Z" },
    { url = "https://files.pythonhosted.org/packages/e0/2e/3b4afbd94d48df19c3931cedba464b109f89d81ac43178e6a3d654b4e8d5/psycopg_binary-3.2.13-cp314-cp314-macosx_11_0_arm64.whl", hash = "sha256:7561a71d764d6f74d66e8b7d844b0f27fa33de508f65c17b1d56a94c73644776", size = 4071631, upload-time = "2025-11-21T22:32:32.594Z" },
    { url = "https://files.pythonhosted.org/packages/5e/8b/107d06d55992e2f13157eb705ba5a47d06c4cf1bed077dff0c567b10c187/psycopg_binary-3.2.13-cp314-cp314-manylinux2014_aarch64.manylinux_2_17_aarch64.whl", hash = "sha256:9caf14745a1930b4e03fe4072cd7154eaf6e1241d20c42130ed784408a26b24b", size = 4620918, upload-time = "2025-11-21T22:32:37.357Z" },
    { url = "https://files.pythonhosted.org/packages/e1/47/a925620f261b115f31e813a5bfe640f316413b1864094a60162f4a6e4d67/psycopg_binary-3.2.13-cp314-cp314-manylinux2014_ppc64le.manylinux_2_17_ppc64le.whl", hash = "sha256:4a6cafabdc0bfa37e11c6f365020fd5916b62d6296df581f4dceaa43a2ce680c", size = 4714494, upload-time = "2025-11-21T22:32:42.138Z" },
    { url = "https://files.pythonhosted.org/packages/46/33/bed384665356bb9ba17dd8e104884d87cc2343d16dffdfd9aaa9a159bd4d/psycopg_binary-3.2.13-cp314-cp314-manylinux2014_x86_64.manylinux_2_17_x86_64.whl", hash = "sha256:c96cb5a27e68acac6d74b64fca38592a692de9c4b7827339190698d58027aa45", size = 4403046, upload-time = "2025-11-21T22:32:47.241Z" },
    { url = "https://files.pythonhosted.org/packages/41/88/749d8e8102fb5df502e2ecb053b79e78e3358af01af652b5dbeb96ab7905/psycopg_binary-3.2.13-cp314-cp314-musllinux_1_2_aarch64.whl", hash = "sha256:596176ae3dfbf56fc61108870bfe17c7205d33ac28d524909feb5335201daa0a", size = 3859046, upload-time = "2025-11-21T22:32:51.481Z" },
    { url = "https://files.pythonhosted.org/packages/38/7c/f492e63b517d6dcd564e8c43bc15e11a4c712a848adf8938ce33bfd4c867/psycopg_binary-3.2.13-cp314-cp314-musllinux_1_2_ppc64le.whl", hash = "sha256:cc3a0408435dfbb77eeca5e8050df4b19a6e9b7e5e5583edf524c4a83d6293b2", size = 3531351, upload-time = "2025-11-21T22:32:55.571Z" },
    { url = "https://files.pythonhosted.org/packages/07/5a/d8743eb23944e5cf2a0bbfa92935c140b5beaacdb872be641065ed70ab2c/psycopg_binary-3.2.13-cp314-cp314-musllinux_1_2_x86_64.whl", hash = "sha256:65df0d459ffba14082d8ca4bb2f6ffbb2f8d02968f7d34a747e1031934b76b23", size = 3581034, upload-time = "2025-11-21T22:33:01.648Z" },
    { url = "https://files.pythonhosted.org/packages/46/b2/411d4180252144f7eff024894d2d2ebb98c012c944a282fc20250870e461/psycopg_binary-3.2.13-cp314-cp314-win_amd64.whl", hash = "sha256:5c77f156c7316529ed371b5f95a51139e531328ee39c37493a2afcbc1f79d5de", size = 3000162, upload-time = "2025-11-21T22:33:07.378Z" },
]

[[package]]
name = "python-dotenv"
version = "1.2.1"
source = { registry = "https://pypi.org/simple" }
sdist = { url = "https://files.pythonhosted.org/packages/f0/26/19cadc79a718c5edbec86fd4919a6b6d3f681039a2f6d66d14be94e75fb9/python_dotenv-1.2.1.tar.gz", hash = "sha256:42667e897e16ab0d66954af0e60a9caa94f0fd4ecf3aaf6d2d260eec1aa36ad6", size = 44221, upload-time = "2025-10-26T15:12:10.434Z" }
wheels = [
    { url = "https://files.pythonhosted.org/packages/14/1b/a298b06749107c305e1fe0f814c6c74aea7b2f1e10989cb30f544a1b3253/python_dotenv-1.2.1-py3-none-any.whl", hash = "sha256:b81ee9561e9ca4004139c6cbba3a238c32b03e4894671e181b671e8cb8425d61", size = 21230, upload-time = "2025-10-26T15:12:09.109Z" },
]

[[package]]
name = "sqlparse"
version = "0.5.4"
source = { registry = "https://pypi.org/simple" }
sdist = { url = "https://files.pythonhosted.org/packages/18/67/701f86b28d63b2086de47c942eccf8ca2208b3be69715a1119a4e384415a/sqlparse-0.5.4.tar.gz", hash = "sha256:4396a7d3cf1cd679c1be976cf3dc6e0a51d0111e87787e7a8d780e7d5a998f9e", size = 120112, upload-time = "2025-11-28T07:10:18.377Z" }
wheels = [
    { url = "https://files.pythonhosted.org/packages/25/70/001ee337f7aa888fb2e3f5fd7592a6afc5283adb1ed44ce8df5764070f22/sqlparse-0.5.4-py3-none-any.whl", hash = "sha256:99a9f0314977b76d776a0fcb8554de91b9bb8a18560631d6bc48721d07023dcb", size = 45933, upload-time = "2025-11-28T07:10:19.73Z" },
]

[[package]]
name = "typing-extensions"
version = "4.15.0"
source = { registry = "https://pypi.org/simple" }
sdist = { url = "https://files.pythonhosted.org/packages/72/94/1a15dd82efb362ac84269196e94cf00f187f7ed21c242792a923cdb1c61f/typing_extensions-4.15.0.tar.gz", hash = "sha256:0cea48d173cc12fa28ecabc3b837ea3cf6f38c6d1136f85cbaaf598984861466", size = 109391, upload-time = "2025-08-25T13:49:26.313Z" }
wheels = [
    { url = "https://files.pythonhosted.org/packages/18/67/36e9267722cc04a6b9f15c7f3441c2363321a3ea07da7ae0c0707beb2a9c/typing_extensions-4.15.0-py3-none-any.whl", hash = "sha256:f0fa19c6845758ab08074a0cfa8b7aecb71c999ca73d62883bc25cc018c4e548", size = 44614, upload-time = "2025-08-25T13:49:24.86Z" },
]

[[package]]
name = "tzdata"
version = "2025.2"
source = { registry = "https://pypi.org/simple" }
sdist = { url = "https://files.pythonhosted.org/packages/95/32/1a225d6164441be760d75c2c42e2780dc0873fe382da3e98a2e1e48361e5/tzdata-2025.2.tar.gz", hash = "sha256:b60a638fcc0daffadf82fe0f57e53d06bdec2f36c4df66280ae79bce6bd6f2b9", size = 196380, upload-time = "2025-03-23T13:54:43.652Z" }
wheels = [
    { url = "https://files.pythonhosted.org/packages/5c/23/c7abc0ca0a1526a0774eca151daeb8de62ec457e77262b66b359c3c7679e/tzdata-2025.2-py2.py3-none-any.whl", hash = "sha256:1a403fada01ff9221ca8044d701868fa132215d84beb92242d9acd2147f667a8", size = 347839, upload-time = "2025-03-23T13:54:41.845Z" },
]

[[package]]
name = "whitenoise"
version = "6.11.0"
source = { registry = "https://pypi.org/simple" }
sdist = { url = "https://files.pythonhosted.org/packages/15/95/8c81ec6b6ebcbf8aca2de7603070ccf37dbb873b03f20708e0f7c1664bc6/whitenoise-6.11.0.tar.gz", hash = "sha256:0f5bfce6061ae6611cd9396a8231e088722e4fc67bc13a111be74c738d99375f", size = 26432, upload-time = "2025-09-18T09:16:10.995Z" }
wheels = [
    { url = "https://files.pythonhosted.org/packages/6c/e9/4366332f9295fe0647d7d3251ce18f5615fbcb12d02c79a26f8dba9221b3/whitenoise-6.11.0-py3-none-any.whl", hash = "sha256:b2aeb45950597236f53b5342b3121c5de69c8da0109362aee506ce88e022d258", size = 20197, upload-time = "2025-09-18T09:16:09.754Z" },
]
